Microsoft Visual Studio Solution File, Format Version 12.00
# Visual Studio Version 17
VisualStudioVersion = 17.10.35027.167
MinimumVisualStudioVersion = 10.0.40219.1
Project("{2150E333-8FDC-42A3-9474-1A3956D46DE8}") = "SolutionConfig", "SolutionConfig", "{F29AF2F3-DEC8-58BC-043A-1447862C832D}"
	ProjectSection(SolutionItems) = preProject
		..\.editorconfig = ..\.editorconfig
		..\.gitignore = ..\.gitignore
		Directory.build.props = Directory.build.props
		Directory.Packages.props = Directory.Packages.props
		..\LICENSE = ..\LICENSE
		..\README.md = ..\README.md
		stylecop.json = stylecop.json
		..\version.json = ..\version.json
	EndProjectSection
EndProject
Project("{9A19103F-16F7-4668-BE54-9A1E7A4F7556}") = "ReactiveUI.SourceGenerators.Execute", "ReactiveUI.SourceGenerators.Execute\ReactiveUI.SourceGenerators.Execute.csproj", "{76D5AC8C-4935-3E4B-BD12-71FAEC2B9A9D}"
EndProject
Project("{9A19103F-16F7-4668-BE54-9A1E7A4F7556}") = "ReactiveUI.SourceGenerators", "ReactiveUI.SourceGenerators\ReactiveUI.SourceGenerators.csproj", "{A8CE4CD8-F858-67F2-E50D-86C5C17C6BE6}"
EndProject
Project("{9A19103F-16F7-4668-BE54-9A1E7A4F7556}") = "ReactiveUI.SourceGenerators.Execute.Maui", "ReactiveUI.SourceGenerators.Execute.Maui\ReactiveUI.SourceGenerators.Execute.Maui.csproj", "{849CACF4-B85F-47B5-84B3-7C94DE864E7E}"
EndProject
Project("{9A19103F-16F7-4668-BE54-9A1E7A4F7556}") = "ReactiveUI.SourceGenerators.Tests", "ReactiveUI.SourceGenerator.Tests\ReactiveUI.SourceGenerators.Tests.csproj", "{60C7C031-8765-46D7-8E0D-88CD4949F25B}"
EndProject
Global
	GlobalSection(SolutionConfigurationPlatforms) = preSolution
		Debug|Any CPU = Debug|Any CPU
		Release|Any CPU = Release|Any CPU
	EndGlobalSection
	GlobalSection(ProjectConfigurationPlatforms) = postSolution
		{76D5AC8C-4935-3E4B-BD12-71FAEC2B9A9D}.Debug|Any CPU.ActiveCfg = Debug|Any CPU
		{76D5AC8C-4935-3E4B-BD12-71FAEC2B9A9D}.Debug|Any CPU.Build.0 = Debug|Any CPU
		{76D5AC8C-4935-3E4B-BD12-71FAEC2B9A9D}.Release|Any CPU.ActiveCfg = Release|Any CPU
		{76D5AC8C-4935-3E4B-BD12-71FAEC2B9A9D}.Release|Any CPU.Build.0 = Release|Any CPU
		{A8CE4CD8-F858-67F2-E50D-86C5C17C6BE6}.Debug|Any CPU.ActiveCfg = Debug|Any CPU
		{A8CE4CD8-F858-67F2-E50D-86C5C17C6BE6}.Debug|Any CPU.Build.0 = Debug|Any CPU
		{A8CE4CD8-F858-67F2-E50D-86C5C17C6BE6}.Release|Any CPU.ActiveCfg = Release|Any CPU
		{A8CE4CD8-F858-67F2-E50D-86C5C17C6BE6}.Release|Any CPU.Build.0 = Release|Any CPU
		{849CACF4-B85F-47B5-84B3-7C94DE864E7E}.Debug|Any CPU.ActiveCfg = Debug|Any CPU
		{849CACF4-B85F-47B5-84B3-7C94DE864E7E}.Debug|Any CPU.Build.0 = Debug|Any CPU
		{849CACF4-B85F-47B5-84B3-7C94DE864E7E}.Release|Any CPU.ActiveCfg = Release|Any CPU
		{849CACF4-B85F-47B5-84B3-7C94DE864E7E}.Release|Any CPU.Build.0 = Release|Any CPU
		{60C7C031-8765-46D7-8E0D-88CD4949F25B}.Debug|Any CPU.ActiveCfg = Debug|Any CPU
		{60C7C031-8765-46D7-8E0D-88CD4949F25B}.Debug|Any CPU.Build.0 = Debug|Any CPU
		{60C7C031-8765-46D7-8E0D-88CD4949F25B}.Release|Any CPU.ActiveCfg = Release|Any CPU
		{60C7C031-8765-46D7-8E0D-88CD4949F25B}.Release|Any CPU.Build.0 = Release|Any CPU
	EndGlobalSection
	GlobalSection(SolutionProperties) = preSolution
		HideSolutionNode = FALSE
	EndGlobalSection
	GlobalSection(ExtensibilityGlobals) = postSolution
		SolutionGuid = {173F891B-86A2-4226-B563-A7318CE0E2EC}
	EndGlobalSection
EndGlobal
