Microsoft Visual Studio Solution File, Format Version 12.00
# 17
VisualStudioVersion = 17.10.35027.167
MinimumVisualStudioVersion = 10.0.40219.1
Project("{2150E333-8FDC-42A3-9474-1A3956D46DE8}") = "SolutionConfig", "SolutionConfig", "{F29AF2F3-DEC8-58BC-043A-1447862C832D}"
	ProjectSection(SolutionItems) = preProject
		..\.editorconfig = ..\.editorconfig
		..\.gitignore = ..\.gitignore
		Directory.build.props = Directory.build.props
		Directory.Packages.props = Directory.Packages.props
		..\LICENSE = ..\LICENSE
		..\README.md = ..\README.md
		stylecop.json = stylecop.json
		..\version.json = ..\version.json
	EndProjectSection
EndProject
Project("{9A19103F-16F7-4668-BE54-9A1E7A4F7556}") = "ReactiveUI.SourceGenerators.Execute", "ReactiveUI.SourceGenerators.Execute\ReactiveUI.SourceGenerators.Execute.csproj", "{76D5AC8C-4935-3E4B-BD12-71FAEC2B9A9D}"
EndProject
Project("{9A19103F-16F7-4668-BE54-9A1E7A4F7556}") = "ReactiveUI.SourceGenerators", "ReactiveUI.SourceGenerators\ReactiveUI.SourceGenerators.csproj", "{A8CE4CD8-F858-67F2-E50D-86C5C17C6BE6}"
EndProject
Project("{9A19103F-16F7-4668-BE54-9A1E7A4F7556}") = "ReactiveUI.SourceGenerators.Execute.Maui", "ReactiveUI.SourceGenerators.Execute.Maui\ReactiveUI.SourceGenerators.Execute.Maui.csproj", "{849CACF4-B85F-47B5-84B3-7C94DE864E7E}"
EndProject
Project("{9A19103F-16F7-4668-BE54-9A1E7A4F7556}") = "ReactiveUI.SourceGenerators.Tests", "ReactiveUI.SourceGenerator.Tests\ReactiveUI.SourceGenerators.Tests.csproj", "{60C7C031-8765-46D7-8E0D-88CD4949F25B}"
EndProject
Project("{2150E333-8FDC-42A3-9474-1A3956D46DE8}") = "TestLibs", "TestLibs", "{B86ED9C1-AFFB-4854-AD80-F4B4050CAD0A}"
EndProject
Project("{9A19103F-16F7-4668-BE54-9A1E7A4F7556}") = "ReactiveUI.SourceGenerators.Analyzers.CodeFixes", "ReactiveUI.SourceGenerators.Analyzers.CodeFixes\ReactiveUI.SourceGenerators.Analyzers.CodeFixes.csproj", "{BD4FADD9-C0E5-46E9-906E-01B04CC856B5}"
EndProject
Project("{FAE04EC0-301F-11D3-BF4B-00C04F79EFBC}") = "ReactiveUI.SourceGenerators.Execute.Nested1", "ReactiveUI.SourceGenerators.Execute.Nested1\ReactiveUI.SourceGenerators.Execute.Nested1.csproj", "{A4971B7D-E35F-4891-BF32-BE911AE86900}"
EndProject
Project("{FAE04EC0-301F-11D3-BF4B-00C04F79EFBC}") = "ReactiveUI.SourceGenerators.Execute.Nested2", "ReactiveUI.SourceGenerators.Execute.Nested2\ReactiveUI.SourceGenerators.Execute.Nested2.csproj", "{CB36161E-8F9E-48B5-8CE0-AC130A73BD2A}"
EndProject
Project("{FAE04EC0-301F-11D3-BF4B-00C04F79EFBC}") = "ReactiveUI.SourceGenerators.Execute.Nested3", "ReactiveUI.SourceGenerators.Execute.Nested3\ReactiveUI.SourceGenerators.Execute.Nested3.csproj", "{B42F683D-91D8-4378-9DFE-EC55DB0FE43A}"
EndProject
Project("{2150E333-8FDC-42A3-9474-1A3956D46DE8}") = "NestedTest", "NestedTest", "{CAFBD27B-5078-4A0C-A4E9-19DCF2A7DF16}"
EndProject
Global
	GlobalSection(SolutionConfigurationPlatforms) = preSolution
		Debug|Any CPU = Debug|Any CPU
		Release|Any CPU = Release|Any CPU
	EndGlobalSection
	GlobalSection(ProjectConfigurationPlatforms) = postSolution
		{76D5AC8C-4935-3E4B-BD12-71FAEC2B9A9D}.Debug|Any CPU.ActiveCfg = Debug|Any CPU
		{76D5AC8C-4935-3E4B-BD12-71FAEC2B9A9D}.Debug|Any CPU.Build.0 = Debug|Any CPU
		{76D5AC8C-4935-3E4B-BD12-71FAEC2B9A9D}.Release|Any CPU.ActiveCfg = Release|Any CPU
		{76D5AC8C-4935-3E4B-BD12-71FAEC2B9A9D}.Release|Any CPU.Build.0 = Release|Any CPU
		{A8CE4CD8-F858-67F2-E50D-86C5C17C6BE6}.Debug|Any CPU.ActiveCfg = Debug|Any CPU
		{A8CE4CD8-F858-67F2-E50D-86C5C17C6BE6}.Debug|Any CPU.Build.0 = Debug|Any CPU
		{A8CE4CD8-F858-67F2-E50D-86C5C17C6BE6}.Release|Any CPU.ActiveCfg = Release|Any CPU
		{A8CE4CD8-F858-67F2-E50D-86C5C17C6BE6}.Release|Any CPU.Build.0 = Release|Any CPU
		{849CACF4-B85F-47B5-84B3-7C94DE864E7E}.Debug|Any CPU.ActiveCfg = Debug|Any CPU
		{849CACF4-B85F-47B5-84B3-7C94DE864E7E}.Debug|Any CPU.Build.0 = Debug|Any CPU
		{849CACF4-B85F-47B5-84B3-7C94DE864E7E}.Release|Any CPU.ActiveCfg = Release|Any CPU
		{849CACF4-B85F-47B5-84B3-7C94DE864E7E}.Release|Any CPU.Build.0 = Release|Any CPU
		{60C7C031-8765-46D7-8E0D-88CD4949F25B}.Debug|Any CPU.ActiveCfg = Debug|Any CPU
		{60C7C031-8765-46D7-8E0D-88CD4949F25B}.Debug|Any CPU.Build.0 = Debug|Any CPU
		{60C7C031-8765-46D7-8E0D-88CD4949F25B}.Release|Any CPU.ActiveCfg = Release|Any CPU
		{60C7C031-8765-46D7-8E0D-88CD4949F25B}.Release|Any CPU.Build.0 = Release|Any CPU
		{BD4FADD9-C0E5-46E9-906E-01B04CC856B5}.Debug|Any CPU.ActiveCfg = Debug|Any CPU
		{BD4FADD9-C0E5-46E9-906E-01B04CC856B5}.Debug|Any CPU.Build.0 = Debug|Any CPU
		{BD4FADD9-C0E5-46E9-906E-01B04CC856B5}.Release|Any CPU.ActiveCfg = Release|Any CPU
		{BD4FADD9-C0E5-46E9-906E-01B04CC856B5}.Release|Any CPU.Build.0 = Release|Any CPU
		{A4971B7D-E35F-4891-BF32-BE911AE86900}.Debug|Any CPU.ActiveCfg = Debug|Any CPU
		{A4971B7D-E35F-4891-BF32-BE911AE86900}.Debug|Any CPU.Build.0 = Debug|Any CPU
		{A4971B7D-E35F-4891-BF32-BE911AE86900}.Release|Any CPU.ActiveCfg = Release|Any CPU
		{A4971B7D-E35F-4891-BF32-BE911AE86900}.Release|Any CPU.Build.0 = Release|Any CPU
		{CB36161E-8F9E-48B5-8CE0-AC130A73BD2A}.Debug|Any CPU.ActiveCfg = Debug|Any CPU
		{CB36161E-8F9E-48B5-8CE0-AC130A73BD2A}.Debug|Any CPU.Build.0 = Debug|Any CPU
		{CB36161E-8F9E-48B5-8CE0-AC130A73BD2A}.Release|Any CPU.ActiveCfg = Release|Any CPU
		{CB36161E-8F9E-48B5-8CE0-AC130A73BD2A}.Release|Any CPU.Build.0 = Release|Any CPU
		{B42F683D-91D8-4378-9DFE-EC55DB0FE43A}.Debug|Any CPU.ActiveCfg = Debug|Any CPU
		{B42F683D-91D8-4378-9DFE-EC55DB0FE43A}.Debug|Any CPU.Build.0 = Debug|Any CPU
		{B42F683D-91D8-4378-9DFE-EC55DB0FE43A}.Release|Any CPU.ActiveCfg = Release|Any CPU
		{B42F683D-91D8-4378-9DFE-EC55DB0FE43A}.Release|Any CPU.Build.0 = Release|Any CPU
	EndGlobalSection
	GlobalSection(SolutionProperties) = preSolution
		HideSolutionNode = FALSE
	EndGlobalSection
	GlobalSection(NestedProjects) = preSolution
		{76D5AC8C-4935-3E4B-BD12-71FAEC2B9A9D} = {B86ED9C1-AFFB-4854-AD80-F4B4050CAD0A}
		{849CACF4-B85F-47B5-84B3-7C94DE864E7E} = {B86ED9C1-AFFB-4854-AD80-F4B4050CAD0A}
		{A4971B7D-E35F-4891-BF32-BE911AE86900} = {CAFBD27B-5078-4A0C-A4E9-19DCF2A7DF16}
		{CB36161E-8F9E-48B5-8CE0-AC130A73BD2A} = {CAFBD27B-5078-4A0C-A4E9-19DCF2A7DF16}
		{B42F683D-91D8-4378-9DFE-EC55DB0FE43A} = {CAFBD27B-5078-4A0C-A4E9-19DCF2A7DF16}
		{CAFBD27B-5078-4A0C-A4E9-19DCF2A7DF16} = {B86ED9C1-AFFB-4854-AD80-F4B4050CAD0A}
	EndGlobalSection
	GlobalSection(ExtensibilityGlobals) = postSolution
		SolutionGuid = {173F891B-86A2-4226-B563-A7318CE0E2EC}
	EndGlobalSection
EndGlobal
